
Microsoft Visual Studio Solution File, Format Version 12.00
# Visual Studio Version 17
VisualStudioVersion = 17.6.33829.357
MinimumVisualStudioVersion = 10.0.40219.1
Project("{FAE04EC0-301F-11D3-BF4B-00C04F79EFBC}") = "icqwpf", "icqwpf.csproj", "{0EC7DE15-9DF4-449A-8DC1-71F67DBA1B5C}"
EndProject
Global
	GlobalSection(SolutionConfigurationPlatforms) = preSolution
		Debug|Any CPU = Debug|Any CPU
		Release|Any CPU = Release|Any CPU
	EndGlobalSection
	GlobalSection(ProjectConfigurationPlatforms) = postSolution
		{0EC7DE15-9DF4-449A-8DC1-71F67DBA1B5C}.Debug|Any CPU.ActiveCfg = Debug|Any CPU
		{0EC7DE15-9DF4-449A-8DC1-71F67DBA1B5C}.Debug|Any CPU.Build.0 = Debug|Any CPU
		{0EC7DE15-9DF4-449A-8DC1-71F67DBA1B5C}.Release|Any CPU.ActiveCfg = Release|Any CPU
		{0EC7DE15-9DF4-449A-8DC1-71F67DBA1B5C}.Release|Any CPU.Build.0 = Release|Any CPU
	EndGlobalSection
	GlobalSection(SolutionProperties) = preSolution
		HideSolutionNode = FALSE
	EndGlobalSection
	GlobalSection(ExtensibilityGlobals) = postSolution
		SolutionGuid = {4CB510D1-B096-4B6C-A7BB-5DB2F201A926}
	EndGlobalSection
EndGlobal
